// !$*UTF8*$!
{
	archiveVersion = 1;
	classes = {
	};
	objectVersion = 56;
	objects = {

/* Begin PBXBuildFile section */
		213959862A576D7000C62055 /* SingleMatchNoLim.swift in Sources */ = {isa = PBXBuildFile; fileRef = 213959852A576D7000C62055 /* SingleMatchNoLim.swift */; };
		213959882A57728100C62055 /* SingleMatchTimed.swift in Sources */ = {isa = PBXBuildFile; fileRef = 213959872A57728100C62055 /* SingleMatchTimed.swift */; };
		213EE1DF2A560C20005F6430 /* MathGameApp.swift in Sources */ = {isa = PBXBuildFile; fileRef = 213EE1DE2A560C20005F6430 /* MathGameApp.swift */; };
		213EE1E12A560C20005F6430 /* ContentView.swift in Sources */ = {isa = PBXBuildFile; fileRef = 213EE1E02A560C20005F6430 /* ContentView.swift */; };
		213EE1E32A560C21005F6430 /* Assets.xcassets in Resources */ = {isa = PBXBuildFile; fileRef = 213EE1E22A560C21005F6430 /* Assets.xcassets */; };
		213EE1E62A560C21005F6430 /* Preview Assets.xcassets in Resources */ = {isa = PBXBuildFile; fileRef = 213EE1E52A560C21005F6430 /* Preview Assets.xcassets */; };
		217087DC2A59ED000049AC3D /* TimerLogic.swift in Sources */ = {isa = PBXBuildFile; fileRef = 217087DB2A59ED000049AC3D /* TimerLogic.swift */; };
		217087DE2A59F1710049AC3D /* TimerLogic_Base.swift in Sources */ = {isa = PBXBuildFile; fileRef = 217087DD2A59F1710049AC3D /* TimerLogic_Base.swift */; };
		219D882F2A58ED9000B38022 /* xTimerLogic_old.swift in Sources */ = {isa = PBXBuildFile; fileRef = 219D882E2A58ED9000B38022 /* xTimerLogic_old.swift */; };
		21A7D91F2A560F5000095E68 /* AnswerButton.swift in Sources */ = {isa = PBXBuildFile; fileRef = 21A7D91E2A560F5000095E68 /* AnswerButton.swift */; };
		21C2EDCA2A6C005E00762882 /* StartContent.swift in Sources */ = {isa = PBXBuildFile; fileRef = 21C2EDC92A6C005E00762882 /* StartContent.swift */; };
		21C2EDD22A6C2DC500762882 /* xSingleGameContent.swift in Sources */ = {isa = PBXBuildFile; fileRef = 21C2EDD12A6C2DC500762882 /* xSingleGameContent.swift */; };
		21C2EDD42A6C2F8300762882 /* MenuButton.swift in Sources */ = {isa = PBXBuildFile; fileRef = 21C2EDD32A6C2F8300762882 /* MenuButton.swift */; };
		21E28A3B2A71C5EC006FD6C0 /* MainMathGame.swift in Sources */ = {isa = PBXBuildFile; fileRef = 21E28A3A2A71C5EC006FD6C0 /* MainMathGame.swift */; };
/* End PBXBuildFile section */

/* Begin PBXFileReference section */
		213959852A576D7000C62055 /* SingleMatchNoLim.swift */ = {isa = PBXFileReference; lastKnownFileType = sourcecode.swift; path = SingleMatchNoLim.swift; sourceTree = "<group>"; };
		213959872A57728100C62055 /* SingleMatchTimed.swift */ = {isa = PBXFileReference; lastKnownFileType = sourcecode.swift; path = SingleMatchTimed.swift; sourceTree = "<group>"; };
		213EE1DB2A560C20005F6430 /* MathGame.app */ = {isa = PBXFileReference; explicitFileType = wrapper.application; includeInIndex = 0; path = MathGame.app; sourceTree = BUILT_PRODUCTS_DIR; };
		213EE1DE2A560C20005F6430 /* MathGameApp.swift */ = {isa = PBXFileReference; lastKnownFileType = sourcecode.swift; path = MathGameApp.swift; sourceTree = "<group>"; };
		213EE1E02A560C20005F6430 /* ContentView.swift */ = {isa = PBXFileReference; lastKnownFileType = sourcecode.swift; path = ContentView.swift; sourceTree = "<group>"; };
		213EE1E22A560C21005F6430 /* Assets.xcassets */ = {isa = PBXFileReference; lastKnownFileType = folder.assetcatalog; path = Assets.xcassets; sourceTree = "<group>"; };
		213EE1E52A560C21005F6430 /* Preview Assets.xcassets */ = {isa = PBXFileReference; lastKnownFileType = folder.assetcatalog; path = "Preview Assets.xcassets"; sourceTree = "<group>"; };
		217087DB2A59ED000049AC3D /* TimerLogic.swift */ = {isa = PBXFileReference; lastKnownFileType = sourcecode.swift; path = TimerLogic.swift; sourceTree = "<group>"; };
		217087DD2A59F1710049AC3D /* TimerLogic_Base.swift */ = {isa = PBXFileReference; lastKnownFileType = sourcecode.swift; path = TimerLogic_Base.swift; sourceTree = "<group>"; };
		219D882E2A58ED9000B38022 /* xTimerLogic_old.swift */ = {isa = PBXFileReference; lastKnownFileType = sourcecode.swift; path = xTimerLogic_old.swift; sourceTree = "<group>"; };
		21A7D91E2A560F5000095E68 /* AnswerButton.swift */ = {isa = PBXFileReference; lastKnownFileType = sourcecode.swift; path = AnswerButton.swift; sourceTree = "<group>"; };
		21C2EDC92A6C005E00762882 /* StartContent.swift */ = {isa = PBXFileReference; lastKnownFileType = sourcecode.swift; name = StartContent.swift; path = ../../../../../../../Applications/StartContent.swift; sourceTree = "<group>"; };
		21C2EDD12A6C2DC500762882 /* xSingleGameContent.swift */ = {isa = PBXFileReference; lastKnownFileType = sourcecode.swift; path = xSingleGameContent.swift; sourceTree = "<group>"; };
		21C2EDD32A6C2F8300762882 /* MenuButton.swift */ = {isa = PBXFileReference; lastKnownFileType = sourcecode.swift; path = MenuButton.swift; sourceTree = "<group>"; };
		21E28A3A2A71C5EC006FD6C0 /* MainMathGame.swift */ = {isa = PBXFileReference; lastKnownFileType = sourcecode.swift; path = MainMathGame.swift; sourceTree = "<group>"; };
/* End PBXFileReference section */

/* Begin PBXFrameworksBuildPhase section */
		213EE1D82A560C20005F6430 /* Frameworks */ = {
			isa = PBXFrameworksBuildPhase;
			buildActionMask = 2147483647;
			files = (
			);
			runOnlyForDeploymentPostprocessing = 0;
		};
/* End PBXFrameworksBuildPhase section */

/* Begin PBXGroup section */
		213EE1D22A560C20005F6430 = {
			isa = PBXGroup;
			children = (
				213EE1DD2A560C20005F6430 /* MathGame */,
				213EE1DC2A560C20005F6430 /* Products */,
			);
			sourceTree = "<group>";
		};
		213EE1DC2A560C20005F6430 /* Products */ = {
			isa = PBXGroup;
			children = (
				213EE1DB2A560C20005F6430 /* MathGame.app */,
			);
			name = Products;
			sourceTree = "<group>";
		};
		213EE1DD2A560C20005F6430 /* MathGame */ = {
			isa = PBXGroup;
			children = (
				213EE1DE2A560C20005F6430 /* MathGameApp.swift */,
				213EE1E02A560C20005F6430 /* ContentView.swift */,
				213EE1E22A560C21005F6430 /* Assets.xcassets */,
				21C2EDCB2A6C00ED00762882 /* Templates */,
				213EE1E42A560C21005F6430 /* Preview Content */,
				21C2EDD32A6C2F8300762882 /* MenuButton.swift */,
				21A7D91E2A560F5000095E68 /* AnswerButton.swift */,
				21C2EDC92A6C005E00762882 /* StartContent.swift */,
				213959852A576D7000C62055 /* SingleMatchNoLim.swift */,
				213959872A57728100C62055 /* SingleMatchTimed.swift */,
				217087DB2A59ED000049AC3D /* TimerLogic.swift */,
				217087DD2A59F1710049AC3D /* TimerLogic_Base.swift */,
				21C2EDD12A6C2DC500762882 /* xSingleGameContent.swift */,
				219D882E2A58ED9000B38022 /* xTimerLogic_old.swift */,
				21C2EDCE2A6C025E00762882 /* xBasics_Unused */,
				21E28A3A2A71C5EC006FD6C0 /* MainMathGame.swift */,
			);
			path = MathGame;
			sourceTree = "<group>";
		};
		213EE1E42A560C21005F6430 /* Preview Content */ = {
			isa = PBXGroup;
			children = (
				213EE1E52A560C21005F6430 /* Preview Assets.xcassets */,
			);
			path = "Preview Content";
			sourceTree = "<group>";
		};
		21C2EDCB2A6C00ED00762882 /* Templates */ = {
			isa = PBXGroup;
			children = (
			);
			path = Templates;
			sourceTree = "<group>";
		};
		21C2EDCE2A6C025E00762882 /* xBasics_Unused */ = {
			isa = PBXGroup;
			children = (
			);
			path = xBasics_Unused;
			sourceTree = "<group>";
		};
/* End PBXGroup section */

/* Begin PBXNativeTarget section */
		213EE1DA2A560C20005F6430 /* MathGame */ = {
			isa = PBXNativeTarget;
			buildConfigurationList = 213EE1E92A560C21005F6430 /* Build configuration list for PBXNativeTarget "MathGame" */;
			buildPhases = (
				213EE1D72A560C20005F6430 /* Sources */,
				213EE1D82A560C20005F6430 /* Frameworks */,
				213EE1D92A560C20005F6430 /* Resources */,
			);
			buildRules = (
			);
			dependencies = (
			);
			name = MathGame;
			productName = MathGame;
			productReference = 213EE1DB2A560C20005F6430 /* MathGame.app */;
			productType = "com.apple.product-type.application";
		};
/* End PBXNativeTarget section */

/* Begin PBXProject section */
		213EE1D32A560C20005F6430 /* Project object */ = {
			isa = PBXProject;
			attributes = {
				BuildIndependentTargetsInParallel = 1;
				LastSwiftUpdateCheck = 1430;
				LastUpgradeCheck = 1430;
				TargetAttributes = {
					213EE1DA2A560C20005F6430 = {
						CreatedOnToolsVersion = 14.3.1;
					};
				};
			};
			buildConfigurationList = 213EE1D62A560C20005F6430 /* Build configuration list for PBXProject "MathGame" */;
			compatibilityVersion = "Xcode 14.0";
			developmentRegion = en;
			hasScannedForEncodings = 0;
			knownRegions = (
				en,
				Base,
			);
			mainGroup = 213EE1D22A560C20005F6430;
			productRefGroup = 213EE1DC2A560C20005F6430 /* Products */;
			projectDirPath = "";
			projectRoot = "";
			targets = (
				213EE1DA2A560C20005F6430 /* MathGame */,
			);
		};
/* End PBXProject section */

/* Begin PBXResourcesBuildPhase section */
		213EE1D92A560C20005F6430 /* Resources */ = {
			isa = PBXResourcesBuildPhase;
			buildActionMask = 2147483647;
			files = (
				213EE1E62A560C21005F6430 /* Preview Assets.xcassets in Resources */,
				213EE1E32A560C21005F6430 /* Assets.xcassets in Resources */,
			);
			runOnlyForDeploymentPostprocessing = 0;
		};
/* End PBXResourcesBuildPhase section */

/* Begin PBXSourcesBuildPhase section */
		213EE1D72A560C20005F6430 /* Sources */ = {
			isa = PBXSourcesBuildPhase;
			buildActionMask = 2147483647;
			files = (
				213EE1E12A560C20005F6430 /* ContentView.swift in Sources */,
				213EE1DF2A560C20005F6430 /* MathGameApp.swift in Sources */,
				21E28A3B2A71C5EC006FD6C0 /* MainMathGame.swift in Sources */,
				213959862A576D7000C62055 /* SingleMatchNoLim.swift in Sources */,
				21C2EDD22A6C2DC500762882 /* xSingleGameContent.swift in Sources */,
				217087DE2A59F1710049AC3D /* TimerLogic_Base.swift in Sources */,
				213959882A57728100C62055 /* SingleMatchTimed.swift in Sources */,
				21C2EDD42A6C2F8300762882 /* MenuButton.swift in Sources */,
				219D882F2A58ED9000B38022 /* xTimerLogic_old.swift in Sources */,
				217087DC2A59ED000049AC3D /* TimerLogic.swift in Sources */,
				21C2EDCA2A6C005E00762882 /* StartContent.swift in Sources */,
				21A7D91F2A560F5000095E68 /* AnswerButton.swift in Sources */,
			);
			runOnlyForDeploymentPostprocessing = 0;
		};
/* End PBXSourcesBuildPhase section */

/* Begin XCBuildConfiguration section */
		213EE1E72A560C21005F6430 /* Debug */ = {
			isa = XCBuildConfiguration;
			buildSettings = {
				ALWAYS_SEARCH_USER_PATHS = NO;
				CLANG_ANALYZER_NONNULL = YES;
				CLANG_ANALYZER_NUMBER_OBJECT_CONVERSION = YES_AGGRESSIVE;
				CLANG_CXX_LANGUAGE_STANDARD = "gnu++20";
				CLANG_ENABLE_MODULES = YES;
				CLANG_ENABLE_OBJC_ARC = YES;
				CLANG_ENABLE_OBJC_WEAK = YES;
				CLANG_WARN_BLOCK_CAPTURE_AUTORELEASING = YES;
				CLANG_WARN_BOOL_CONVERSION = YES;
				CLANG_WARN_COMMA = YES;
				CLANG_WARN_CONSTANT_CONVERSION = YES;
				CLANG_WARN_DEPRECATED_OBJC_IMPLEMENTATIONS = YES;
				CLANG_WARN_DIRECT_OBJC_ISA_USAGE = YES_ERROR;
				CLANG_WARN_DOCUMENTATION_COMMENTS = YES;
				CLANG_WARN_EMPTY_BODY = YES;
				CLANG_WARN_ENUM_CONVERSION = YES;
				CLANG_WARN_INFINITE_RECURSION = YES;
				CLANG_WARN_INT_CONVERSION = YES;
				CLANG_WARN_NON_LITERAL_NULL_CONVERSION = YES;
				CLANG_WARN_OBJC_IMPLICIT_RETAIN_SELF = YES;
				CLANG_WARN_OBJC_LITERAL_CONVERSION = YES;
				CLANG_WARN_OBJC_ROOT_CLASS = YES_ERROR;
				CLANG_WARN_QUOTED_INCLUDE_IN_FRAMEWORK_HEADER = YES;
				CLANG_WARN_RANGE_LOOP_ANALYSIS = YES;
				CLANG_WARN_STRICT_PROTOTYPES = YES;
				CLANG_WARN_SUSPICIOUS_MOVE = YES;
				CLANG_WARN_UNGUARDED_AVAILABILITY = YES_AGGRESSIVE;
				CLANG_WARN_UNREACHABLE_CODE = YES;
				CLANG_WARN__DUPLICATE_METHOD_MATCH = YES;
				COPY_PHASE_STRIP = NO;
				DEBUG_INFORMATION_FORMAT = dwarf;
				ENABLE_STRICT_OBJC_MSGSEND = YES;
				ENABLE_TESTABILITY = YES;
				GCC_C_LANGUAGE_STANDARD = gnu11;
				GCC_DYNAMIC_NO_PIC = NO;
				GCC_NO_COMMON_BLOCKS = YES;
				GCC_OPTIMIZATION_LEVEL = 0;
				GCC_PREPROCESSOR_DEFINITIONS = (
					"DEBUG=1",
					"$(inherited)",
				);
				GCC_WARN_64_TO_32_BIT_CONVERSION = YES;
				GCC_WARN_ABOUT_RETURN_TYPE = YES_ERROR;
				GCC_WARN_UNDECLARED_SELECTOR = YES;
				GCC_WARN_UNINITIALIZED_AUTOS = YES_AGGRESSIVE;
				GCC_WARN_UNUSED_FUNCTION = YES;
				GCC_WARN_UNUSED_VARIABLE = YES;
				IPHONEOS_DEPLOYMENT_TARGET = 16.4;
				MTL_ENABLE_DEBUG_INFO = INCLUDE_SOURCE;
				MTL_FAST_MATH = YES;
				ONLY_ACTIVE_ARCH = YES;
				SDKROOT = iphoneos;
				SWIFT_ACTIVE_COMPILATION_CONDITIONS = DEBUG;
				SWIFT_OPTIMIZATION_LEVEL = "-Onone";
			};
			name = Debug;
		};
		213EE1E82A560C21005F6430 /* Release */ = {
			isa = XCBuildConfiguration;
			buildSettings = {
				ALWAYS_SEARCH_USER_PATHS = NO;
				CLANG_ANALYZER_NONNULL = YES;
				CLANG_ANALYZER_NUMBER_OBJECT_CONVERSION = YES_AGGRESSIVE;
				CLANG_CXX_LANGUAGE_STANDARD = "gnu++20";
				CLANG_ENABLE_MODULES = YES;
				CLANG_ENABLE_OBJC_ARC = YES;
				CLANG_ENABLE_OBJC_WEAK = YES;
				CLANG_WARN_BLOCK_CAPTURE_AUTORELEASING = YES;
				CLANG_WARN_BOOL_CONVERSION = YES;
				CLANG_WARN_COMMA = YES;
				CLANG_WARN_CONSTANT_CONVERSION = YES;
				CLANG_WARN_DEPRECATED_OBJC_IMPLEMENTATIONS = YES;
				CLANG_WARN_DIRECT_OBJC_ISA_USAGE = YES_ERROR;
				CLANG_WARN_DOCUMENTATION_COMMENTS = YES;
				CLANG_WARN_EMPTY_BODY = YES;
				CLANG_WARN_ENUM_CONVERSION = YES;
				CLANG_WARN_INFINITE_RECURSION = YES;
				CLANG_WARN_INT_CONVERSION = YES;
				CLANG_WARN_NON_LITERAL_NULL_CONVERSION = YES;
				CLANG_WARN_OBJC_IMPLICIT_RETAIN_SELF = YES;
				CLANG_WARN_OBJC_LITERAL_CONVERSION = YES;
				CLANG_WARN_OBJC_ROOT_CLASS = YES_ERROR;
				CLANG_WARN_QUOTED_INCLUDE_IN_FRAMEWORK_HEADER = YES;
				CLANG_WARN_RANGE_LOOP_ANALYSIS = YES;
				CLANG_WARN_STRICT_PROTOTYPES = YES;
				CLANG_WARN_SUSPICIOUS_MOVE = YES;
				CLANG_WARN_UNGUARDED_AVAILABILITY = YES_AGGRESSIVE;
				CLANG_WARN_UNREACHABLE_CODE = YES;
				CLANG_WARN__DUPLICATE_METHOD_MATCH = YES;
				COPY_PHASE_STRIP = NO;
				DEBUG_INFORMATION_FORMAT = "dwarf-with-dsym";
				ENABLE_NS_ASSERTIONS = NO;
				ENABLE_STRICT_OBJC_MSGSEND = YES;
				GCC_C_LANGUAGE_STANDARD = gnu11;
				GCC_NO_COMMON_BLOCKS = YES;
				GCC_WARN_64_TO_32_BIT_CONVERSION = YES;
				GCC_WARN_ABOUT_RETURN_TYPE = YES_ERROR;
				GCC_WARN_UNDECLARED_SELECTOR = YES;
				GCC_WARN_UNINITIALIZED_AUTOS = YES_AGGRESSIVE;
				GCC_WARN_UNUSED_FUNCTION = YES;
				GCC_WARN_UNUSED_VARIABLE = YES;
				IPHONEOS_DEPLOYMENT_TARGET = 16.4;
				MTL_ENABLE_DEBUG_INFO = NO;
				MTL_FAST_MATH = YES;
				SDKROOT = iphoneos;
				SWIFT_COMPILATION_MODE = wholemodule;
				SWIFT_OPTIMIZATION_LEVEL = "-O";
				VALIDATE_PRODUCT = YES;
			};
			name = Release;
		};
		213EE1EA2A560C21005F6430 /* Debug */ = {
			isa = XCBuildConfiguration;
			buildSettings = {
				ASSETCATALOG_COMPILER_APPICON_NAME = AppIcon;
				ASSETCATALOG_COMPILER_GLOBAL_ACCENT_COLOR_NAME = AccentColor;
				CODE_SIGN_STYLE = Automatic;
				CURRENT_PROJECT_VERSION = 1;
				DEVELOPMENT_ASSET_PATHS = "\"MathGame/Preview Content\"";
				ENABLE_PREVIEWS = YES;
				GENERATE_INFOPLIST_FILE = YES;
				INFOPLIST_KEY_UIApplicationSceneManifest_Generation = YES;
				INFOPLIST_KEY_UIApplicationSupportsIndirectInputEvents = YES;
				INFOPLIST_KEY_UILaunchScreen_Generation = YES;
				INFOPLIST_KEY_UISupportedInterfaceOrientations_iPad = "UIInterfaceOrientationPortrait UIInterfaceOrientationPortraitUpsideDown UIInterfaceOrientationLandscapeLeft UIInterfaceOrientationLandscapeRight";
				INFOPLIST_KEY_UISupportedInterfaceOrientations_iPhone = "UIInterfaceOrientationPortrait UIInterfaceOrientationLandscapeLeft UIInterfaceOrientationLandscapeRight";
				LD_RUNPATH_SEARCH_PATHS = (
					"$(inherited)",
					"@executable_path/Frameworks",
				);
				MARKETING_VERSION = 1.0;
				PRODUCT_BUNDLE_IDENTIFIER = jk.MathGame;
				PRODUCT_NAME = "$(TARGET_NAME)";
				SWIFT_EMIT_LOC_STRINGS = YES;
				SWIFT_VERSION = 5.0;
				TARGETED_DEVICE_FAMILY = "1,2";
			};
			name = Debug;
		};
		213EE1EB2A560C21005F6430 /* Release */ = {
			isa = XCBuildConfiguration;
			buildSettings = {
				ASSETCATALOG_COMPILER_APPICON_NAME = AppIcon;
				ASSETCATALOG_COMPILER_GLOBAL_ACCENT_COLOR_NAME = AccentColor;
				CODE_SIGN_STYLE = Automatic;
				CURRENT_PROJECT_VERSION = 1;
				DEVELOPMENT_ASSET_PATHS = "\"MathGame/Preview Content\"";
				ENABLE_PREVIEWS = YES;
				GENERATE_INFOPLIST_FILE = YES;
				INFOPLIST_KEY_UIApplicationSceneManifest_Generation = YES;
				INFOPLIST_KEY_UIApplicationSupportsIndirectInputEvents = YES;
				INFOPLIST_KEY_UILaunchScreen_Generation = YES;
				INFOPLIST_KEY_UISupportedInterfaceOrientations_iPad = "UIInterfaceOrientationPortrait UIInterfaceOrientationPortraitUpsideDown UIInterfaceOrientationLandscapeLeft UIInterfaceOrientationLandscapeRight";
				INFOPLIST_KEY_UISupportedInterfaceOrientations_iPhone = "UIInterfaceOrientationPortrait UIInterfaceOrientationLandscapeLeft UIInterfaceOrientationLandscapeRight";
				LD_RUNPATH_SEARCH_PATHS = (
					"$(inherited)",
					"@executable_path/Frameworks",
				);
				MARKETING_VERSION = 1.0;
				PRODUCT_BUNDLE_IDENTIFIER = jk.MathGame;
				PRODUCT_NAME = "$(TARGET_NAME)";
				SWIFT_EMIT_LOC_STRINGS = YES;
				SWIFT_VERSION = 5.0;
				TARGETED_DEVICE_FAMILY = "1,2";
			};
			name = Release;
		};
/* End XCBuildConfiguration section */

/* Begin XCConfigurationList section */
		213EE1D62A560C20005F6430 /* Build configuration list for PBXProject "MathGame" */ = {
			isa = XCConfigurationList;
			buildConfigurations = (
				213EE1E72A560C21005F6430 /* Debug */,
				213EE1E82A560C21005F6430 /* Release */,
			);
			defaultConfigurationIsVisible = 0;
			defaultConfigurationName = Release;
		};
		213EE1E92A560C21005F6430 /* Build configuration list for PBXNativeTarget "MathGame" */ = {
			isa = XCConfigurationList;
			buildConfigurations = (
				213EE1EA2A560C21005F6430 /* Debug */,
				213EE1EB2A560C21005F6430 /* Release */,
			);
			defaultConfigurationIsVisible = 0;
			defaultConfigurationName = Release;
		};
/* End XCConfigurationList section */
	};
	rootObject = 213EE1D32A560C20005F6430 /* Project object */;
}
